
Microsoft Visual Studio Solution File, Format Version 11.00
# Visual Studio 2010
Project("{FAE04EC0-301F-11D3-BF4B-00C04F79EFBC}") = "Assembly-CSharp", "Assembly-CSharp.csproj", "{15C5F6BF-D073-A45A-B62D-6A2CC14E16DD}"
EndProject
Global
	GlobalSection(SolutionConfigurationPlatforms) = preSolution
		Debug|Any CPU = Debug|Any CPU
		Release|Any CPU = Release|Any CPU
	EndGlobalSection
	GlobalSection(ProjectConfigurationPlatforms) = postSolution
		{15C5F6BF-D073-A45A-B62D-6A2CC14E16DD}.Debug|Any CPU.ActiveCfg = Debug|Any CPU
		{15C5F6BF-D073-A45A-B62D-6A2CC14E16DD}.Debug|Any CPU.Build.0 = Debug|Any CPU
		{15C5F6BF-D073-A45A-B62D-6A2CC14E16DD}.Release|Any CPU.ActiveCfg = Release|Any CPU
		{15C5F6BF-D073-A45A-B62D-6A2CC14E16DD}.Release|Any CPU.Build.0 = Release|Any CPU
	EndGlobalSection
	GlobalSection(SolutionProperties) = preSolution
		HideSolutionNode = FALSE
	EndGlobalSection
EndGlobal
